{
  "version": 4,
  "terraform_version": "1.6.6",
  "serial": 177,
  "lineage": "c44d2294-958f-84a9-6fae-7482d79df145",
  "outputs": {
    "cluster_endpoint": {
      "value": "https://DBC375757689F4833F4E09026B8E6E66.sk1.us-west-1.eks.amazonaws.com",
      "type": "string"
    },
    "cluster_id": {
      "value": "module-eks-mVS4g",
      "type": "string"
    },
    "cluster_name": {
      "value": "module-eks-mVS4g",
      "type": "string"
    }
  },
  "resources": [
    {
      "mode": "data",
      "type": "aws_eks_cluster",
      "name": "cluster",
      "provider": "provider[\"registry.terraform.io/hashicorp/aws\"]",
      "instances": [
        {
          "schema_version": 0,
          "attributes": {
            "arn": "arn:aws:eks:us-west-1:375860358861:cluster/module-eks-mVS4g",
            "certificate_authority": [
              {
                "data": "LS0tLS1CRUdJTiBDRVJUSUZJQ0FURS0tLS0tCk1JSURCVENDQWUyZ0F3SUJBZ0lJU2dNdDdEUXZEVjR3RFFZSktvWklodmNOQVFFTEJRQXdGVEVUTUJFR0ExVUUKQXhNS2EzVmlaWEp1WlhSbGN6QWVGdzB5TkRBeE1UQXhNakEwTlRGYUZ3MHpOREF4TURjeE1qQTVOVEZhTUJVeApFekFSQmdOVkJBTVRDbXQxWW1WeWJtVjBaWE13Z2dFaU1BMEdDU3FHU0liM0RRRUJBUVVBQTRJQkR3QXdnZ0VLCkFvSUJBUUN5TDNKeHFTNmJONmFnL0Y3bTBENWpVWC9KL01aSldONnRQL0tvbXVuL0hkVUhQQS9rMGx3cWlLdXMKYnNIM3J5Y1JWdm9JZmxpSHVWSG13SnpJRTFGaTlnM2VQZ0RHVkFPZW8xT0o3YlRkWU9RYXYrV1cyR2dsQVNyZApFZXA1V0NnSjhxOUVlWnFkL2dlOHNFN0Q2cFcwTWJXZ282K2hGV3lrOTI3NXV4RDg1S2d2ZVdxZ3B5ZmRSTGZwCjNpUzlsUzk0dDhEaVdwbjIxbjh3WEtxNEswdyt6ZXlmYlEwOE9OWktmZ20wZWdsQysxYjcyWXJYMURxWlptQjEKRm51bWtPaHQrbUhlamM4by9DNkFzNnQwMVAvMlJQaktHYmc0elpCK3VFUUtlZEtTeWNEVDJtcjRZYm5pelhNUgorQW9WZmxtNXNSUHc0M0pVYzFsNzFJNnJWZjVKQWdNQkFBR2pXVEJYTUE0R0ExVWREd0VCL3dRRUF3SUNwREFQCkJnTlZIUk1CQWY4RUJUQURBUUgvTUIwR0ExVWREZ1FXQkJUM3dwc0sxa1o3b25rZ3J1bXZnbE1ORFBKQnREQVYKQmdOVkhSRUVEakFNZ2dwcmRXSmxjbTVsZEdWek1BMEdDU3FHU0liM0RRRUJDd1VBQTRJQkFRQWFjUTFSN3pvYQpWZzdvWEpmNGFUMkNPL09rUkp6aWI3UlJjR2w3VEpaazNGMlFtRjV2Smpjd0p0UkFyZTUvZG9vaGtwUjdqc1NECmdIRkZQbDFZWGx2cEtQMG9qQWllZmQ0RnpYR1BwRXlUT0V4YzZpSVJ1cC9USDA4VEVxTmt6ZTlBYktWVy9HeXkKTzRqb2puUHI0TXlZMU12bVJPcitFSnozb1RqRFlnZUFRaTZCd1d3MmtJaDk2MTdIM0FSbitnSDdrMG4yVWppWAo3blhrUkM2WWI5WHZjZUgreHBrSkcwbWltM1NsUWRwSm4vMkw2RnNWTUR3dWw2Q3JVOTNaZkQvOGM4L3FRSVVLCmsyRkJINFh3a014UjlJdWpTZlBKblhMa2RQcjBqMC9OOXpVUDFWUmtFWnBYTnlSR0JjZ01iZU1jaUNkVjk1a0wKTHNZVDk1eVFmd1g4Ci0tLS0tRU5EIENFUlRJRklDQVRFLS0tLS0K"
              }
            ],
            "cluster_id": null,
            "created_at": "2024-01-10 12:05:36.402 +0000 UTC",
            "enabled_cluster_log_types": [],
            "endpoint": "https://DBC375757689F4833F4E09026B8E6E66.sk1.us-west-1.eks.amazonaws.com",
            "id": "module-eks-mVS4g",
            "identity": [
              {
                "oidc": [
                  {
                    "issuer": "https://oidc.eks.us-west-1.amazonaws.com/id/DBC375757689F4833F4E09026B8E6E66"
                  }
                ]
              }
            ],
            "kubernetes_network_config": [
              {
                "ip_family": "ipv4",
                "service_ipv4_cidr": "172.20.0.0/16",
                "service_ipv6_cidr": ""
              }
            ],
            "name": "module-eks-mVS4g",
            "outpost_config": [],
            "platform_version": "eks.6",
            "role_arn": "arn:aws:iam::375860358861:role/eks-cluster-luit22",
            "status": "ACTIVE",
            "tags": {},
            "version": "1.28",
            "vpc_config": [
              {
                "cluster_security_group_id": "sg-092ff9937d7e14e12",
                "endpoint_private_access": true,
                "endpoint_public_access": false,
                "public_access_cidrs": [
                  "0.0.0.0/0"
                ],
                "security_group_ids": [
                  "sg-02b68658eb467696a"
                ],
                "subnet_ids": [
                  "subnet-032658047963c931a",
                  "subnet-072b90817e6c40919"
                ],
                "vpc_id": "vpc-0d181563e0f5eb734"
              }
            ]
          },
          "sensitive_attributes": []
        }
      ]
    },
    {
      "mode": "data",
      "type": "aws_eks_cluster_auth",
      "name": "cluster",
      "provider": "provider[\"registry.terraform.io/hashicorp/aws\"]",
      "instances": [
        {
          "schema_version": 0,
          "attributes": {
            "id": "module-eks-mVS4g",
            "name": "module-eks-mVS4g",
            "token": "k8s-aws-v1.aHR0cHM6Ly9zdHMuYW1hem9uYXdzLmNvbS8_QWN0aW9uPUdldENhbGxlcklkZW50aXR5JlZlcnNpb249MjAxMS0wNi0xNSZYLUFtei1BbGdvcml0aG09QVdTNC1ITUFDLVNIQTI1NiZYLUFtei1DcmVkZW50aWFsPUFLSUFWUEFZRjUzR1dQRlJHMlhGJTJGMjAyNDAxMTAlMkZ1cy1lYXN0LTElMkZzdHMlMkZhd3M0X3JlcXVlc3QmWC1BbXotRGF0ZT0yMDI0MDExMFQxMjEzMDJaJlgtQW16LUV4cGlyZXM9MCZYLUFtei1TaWduZWRIZWFkZXJzPWhvc3QlM0J4LWs4cy1hd3MtaWQmWC1BbXotU2lnbmF0dXJlPTU3NmE4MThiMjI4Njk5YWY3ZWQwMGQ1OTRmMjBmMDY5OWQ2MzM5Mzg1MjlmMTZhZDE4MmJlNDdmMTI4NWFlMDg"
          },
          "sensitive_attributes": []
        }
      ]
    },
    {
      "mode": "managed",
      "type": "random_string",
      "name": "suffix",
      "provider": "provider[\"registry.terraform.io/hashicorp/random\"]",
      "instances": [
        {
          "schema_version": 2,
          "attributes": {
            "id": "mVS4g",
            "keepers": null,
            "length": 5,
            "lower": true,
            "min_lower": 0,
            "min_numeric": 0,
            "min_special": 0,
            "min_upper": 0,
            "number": true,
            "numeric": true,
            "override_special": null,
            "result": "mVS4g",
            "special": false,
            "upper": true
          },
          "sensitive_attributes": []
        }
      ]
    },
    {
      "module": "module.bastionhost",
      "mode": "data",
      "type": "aws_ami",
      "name": "ubuntu",
      "provider": "provider[\"registry.terraform.io/hashicorp/aws\"]",
      "instances": [
        {
          "schema_version": 0,
          "attributes": {
            "architecture": "x86_64",
            "arn": "arn:aws:ec2:us-west-1::image/ami-0b6e2645689e53284",
            "block_device_mappings": [
              {
                "device_name": "/dev/sda1",
                "ebs": {
                  "delete_on_termination": "true",
                  "encrypted": "false",
                  "iops": "0",
                  "snapshot_id": "snap-01a2ba79c8b2b7fe2",
                  "throughput": "0",
                  "volume_size": "8",
                  "volume_type": "gp2"
                },
                "no_device": "",
                "virtual_name": ""
              },
              {
                "device_name": "/dev/sdb",
                "ebs": {},
                "no_device": "",
                "virtual_name": "ephemeral0"
              },
              {
                "device_name": "/dev/sdc",
                "ebs": {},
                "no_device": "",
                "virtual_name": "ephemeral1"
              }
            ],
            "boot_mode": "legacy-bios",
            "creation_date": "2023-12-08T23:22:18.000Z",
            "deprecation_time": "2025-12-08T23:22:18.000Z",
            "description": "Canonical, Ubuntu, 20.04 LTS, amd64 focal image build on 2023-12-08",
            "ena_support": true,
            "executable_users": null,
            "filter": [
              {
                "name": "architecture",
                "values": [
                  "x86_64"
                ]
              },
              {
                "name": "name",
                "values": [
                  "ubuntu/images/hvm-ssd/ubuntu-focal-20.04-amd64-server-*"
                ]
              },
              {
                "name": "owner-alias",
                "values": [
                  "amazon"
                ]
              }
            ],
            "hypervisor": "xen",
            "id": "ami-0b6e2645689e53284",
            "image_id": "ami-0b6e2645689e53284",
            "image_location": "amazon/ubuntu/images/hvm-ssd/ubuntu-focal-20.04-amd64-server-20231208",
            "image_owner_alias": "amazon",
            "image_type": "machine",
            "imds_support": "",
            "include_deprecated": false,
            "kernel_id": "",
            "most_recent": true,
            "name": "ubuntu/images/hvm-ssd/ubuntu-focal-20.04-amd64-server-20231208",
            "name_regex": null,
            "owner_id": "099720109477",
            "owners": [
              "099720109477"
            ],
            "platform": "",
            "platform_details": "Linux/UNIX",
            "product_codes": [],
            "public": true,
            "ramdisk_id": "",
            "root_device_name": "/dev/sda1",
            "root_device_type": "ebs",
            "root_snapshot_id": "snap-01a2ba79c8b2b7fe2",
            "sriov_net_support": "simple",
            "state": "available",
            "state_reason": {
              "code": "UNSET",
              "message": "UNSET"
            },
            "tags": {},
            "timeouts": null,
            "tpm_support": "",
            "usage_operation": "RunInstances",
            "virtualization_type": "hvm"
          },
          "sensitive_attributes": []
        }
      ]
    },
    {
      "module": "module.bastionhost",
      "mode": "data",
      "type": "template_file",
      "name": "userdata",
      "provider": "provider[\"registry.terraform.io/hashicorp/template\"]",
      "instances": [
        {
          "schema_version": 0,
          "attributes": {
            "filename": null,
            "id": "9ab4643e0bb5cc56432991782e96f76fdae5b916c5e78d9f7417b5db93d3b335",
            "rendered": "#!/bin/bash\nsudo apt upgrade linux-image-generic -y\nsudo tee /etc/apt/sources.list.d/pritunl.list \u003c\u003c EOF\ndeb http://repo.pritunl.com/stable/apt jammy main\nEOF\n\n# Import signing key from keyserver\nsudo apt-key adv --keyserver hkp://keyserver.ubuntu.com --recv 7568D9BB55FF9E5287D586017AE645C0CF8E292A\n# Alternative import from download if keyserver offline\ncurl https://raw.githubusercontent.com/pritunl/pgp/master/pritunl_repo_pub.asc | sudo apt-key add -\n\nsudo tee /etc/apt/sources.list.d/mongodb-org-6.0.list \u003c\u003c EOF\ndeb https://repo.mongodb.org/apt/ubuntu jammy/mongodb-org/6.0 multiverse\nEOF\n\nwget -qO - https://www.mongodb.org/static/pgp/server-6.0.asc | sudo apt-key add -\n\nsudo apt update\nsudo apt --assume-yes upgrade\n\n# WireGuard server support\nsudo apt -y install wireguard wireguard-tools\n\nsudo ufw disable\n\nsudo apt -y install pritunl mongodb-org\nsudo systemctl enable mongod pritunl\nsudo systemctl start mongod pritunl",
            "template": "#!/bin/bash\nsudo apt upgrade linux-image-generic -y\nsudo tee /etc/apt/sources.list.d/pritunl.list \u003c\u003c EOF\ndeb http://repo.pritunl.com/stable/apt jammy main\nEOF\n\n# Import signing key from keyserver\nsudo apt-key adv --keyserver hkp://keyserver.ubuntu.com --recv 7568D9BB55FF9E5287D586017AE645C0CF8E292A\n# Alternative import from download if keyserver offline\ncurl https://raw.githubusercontent.com/pritunl/pgp/master/pritunl_repo_pub.asc | sudo apt-key add -\n\nsudo tee /etc/apt/sources.list.d/mongodb-org-6.0.list \u003c\u003c EOF\ndeb https://repo.mongodb.org/apt/ubuntu jammy/mongodb-org/6.0 multiverse\nEOF\n\nwget -qO - https://www.mongodb.org/static/pgp/server-6.0.asc | sudo apt-key add -\n\nsudo apt update\nsudo apt --assume-yes upgrade\n\n# WireGuard server support\nsudo apt -y install wireguard wireguard-tools\n\nsudo ufw disable\n\nsudo apt -y install pritunl mongodb-org\nsudo systemctl enable mongod pritunl\nsudo systemctl start mongod pritunl",
            "vars": null
          },
          "sensitive_attributes": []
        }
      ]
    },
    {
      "module": "module.bastionhost",
      "mode": "managed",
      "type": "aws_instance",
      "name": "bastion_host",
      "provider": "provider[\"registry.terraform.io/hashicorp/aws\"]",
      "instances": [
        {
          "schema_version": 1,
          "attributes": {
            "ami": "ami-0ce2cb35386fc22e9",
            "arn": "arn:aws:ec2:us-west-1:375860358861:instance/i-0da6f002a1a4b2354",
            "associate_public_ip_address": true,
            "availability_zone": "us-west-1c",
            "capacity_reservation_specification": [
              {
                "capacity_reservation_preference": "open",
                "capacity_reservation_target": []
              }
            ],
            "cpu_core_count": 1,
            "cpu_options": [
              {
                "amd_sev_snp": "",
                "core_count": 1,
                "threads_per_core": 2
              }
            ],
            "cpu_threads_per_core": 2,
            "credit_specification": [
              {
                "cpu_credits": "unlimited"
              }
            ],
            "disable_api_stop": false,
            "disable_api_termination": false,
            "ebs_block_device": [],
            "ebs_optimized": false,
            "enclave_options": [
              {
                "enabled": false
              }
            ],
            "ephemeral_block_device": [],
            "get_password_data": false,
            "hibernation": false,
            "host_id": "",
            "host_resource_group_arn": null,
            "iam_instance_profile": "",
            "id": "i-0da6f002a1a4b2354",
            "instance_initiated_shutdown_behavior": "stop",
            "instance_state": "running",
            "instance_type": "t3.micro",
            "ipv6_address_count": 0,
            "ipv6_addresses": [],
            "key_name": "eks",
            "launch_template": [],
            "maintenance_options": [
              {
                "auto_recovery": "default"
              }
            ],
            "metadata_options": [
              {
                "http_endpoint": "enabled",
                "http_put_response_hop_limit": 1,
                "http_tokens": "optional",
                "instance_metadata_tags": "disabled"
              }
            ],
            "monitoring": false,
            "network_interface": [],
            "outpost_arn": "",
            "password_data": "",
            "placement_group": "",
            "placement_partition_number": 0,
            "primary_network_interface_id": "eni-06bd28b5c2c431300",
            "private_dns": "ip-10-0-1-133.us-west-1.compute.internal",
            "private_dns_name_options": [
              {
                "enable_resource_name_dns_a_record": false,
                "enable_resource_name_dns_aaaa_record": false,
                "hostname_type": "ip-name"
              }
            ],
            "private_ip": "10.0.1.133",
            "public_dns": "",
            "public_ip": "54.183.19.231",
            "root_block_device": [
              {
                "delete_on_termination": true,
                "device_name": "/dev/sda1",
                "encrypted": false,
                "iops": 100,
                "kms_key_id": "",
                "tags": {},
                "throughput": 0,
                "volume_id": "vol-00fa5a86f99f0eecd",
                "volume_size": 8,
                "volume_type": "gp2"
              }
            ],
            "secondary_private_ips": [],
            "security_groups": [],
            "source_dest_check": true,
            "subnet_id": "subnet-032658047963c931a",
            "tags": {
              "Name": "Bastion Host"
            },
            "tags_all": {
              "Name": "Bastion Host"
            },
            "tenancy": "default",
            "timeouts": null,
            "user_data": "78b6b175cd13549d3221dc2491031c6349e71c06",
            "user_data_base64": null,
            "user_data_replace_on_change": false,
            "volume_tags": null,
            "vpc_security_group_ids": [
              "sg-0409f74a41ff00efd"
            ]
          },
          "sensitive_attributes": [],
          "private": "eyJlMmJmYjczMC1lY2FhLTExZTYtOGY4OC0zNDM2M2JjN2M0YzAiOnsiY3JlYXRlIjo2MDAwMDAwMDAwMDAsImRlbGV0ZSI6MTIwMDAwMDAwMDAwMCwidXBkYXRlIjo2MDAwMDAwMDAwMDB9LCJzY2hlbWFfdmVyc2lvbiI6IjEifQ==",
          "dependencies": [
            "module.bastionhost.aws_security_group.bastion_sg",
            "module.bastionhost.data.template_file.userdata",
            "module.vpc.aws_subnet.public_luit22_subnet",
            "module.vpc.aws_vpc.luit22",
            "module.vpc.data.aws_availability_zones.available",
            "module.vpc.random_shuffle.az_list"
          ]
        }
      ]
    },
    {
      "module": "module.bastionhost",
      "mode": "managed",
      "type": "aws_security_group",
      "name": "bastion_sg",
      "provider": "provider[\"registry.terraform.io/hashicorp/aws\"]",
      "instances": [
        {
          "schema_version": 1,
          "attributes": {
            "arn": "arn:aws:ec2:us-west-1:375860358861:security-group/sg-0409f74a41ff00efd",
            "description": "Security group for Bastion Host",
            "egress": [
              {
                "cidr_blocks": [
                  "0.0.0.0/0"
                ],
                "description": "",
                "from_port": 0,
                "ipv6_cidr_blocks": [],
                "prefix_list_ids": [],
                "protocol": "-1",
                "security_groups": [],
                "self": false,
                "to_port": 0
              }
            ],
            "id": "sg-0409f74a41ff00efd",
            "ingress": [
              {
                "cidr_blocks": [
                  "0.0.0.0/0"
                ],
                "description": "",
                "from_port": 22,
                "ipv6_cidr_blocks": [],
                "prefix_list_ids": [],
                "protocol": "tcp",
                "security_groups": [],
                "self": false,
                "to_port": 22
              },
              {
                "cidr_blocks": [
                  "0.0.0.0/0"
                ],
                "description": "Allow HTTPS",
                "from_port": 443,
                "ipv6_cidr_blocks": [],
                "prefix_list_ids": [],
                "protocol": "tcp",
                "security_groups": [],
                "self": false,
                "to_port": 443
              }
            ],
            "name": "bastion_sg",
            "name_prefix": "",
            "owner_id": "375860358861",
            "revoke_rules_on_delete": false,
            "tags": {
              "Name": "Bastion SG"
            },
            "tags_all": {
              "Name": "Bastion SG"
            },
            "timeouts": null,
            "vpc_id": "vpc-0d181563e0f5eb734"
          },
          "sensitive_attributes": [],
          "private": "eyJlMmJmYjczMC1lY2FhLTExZTYtOGY4OC0zNDM2M2JjN2M0YzAiOnsiY3JlYXRlIjo2MDAwMDAwMDAwMDAsImRlbGV0ZSI6OTAwMDAwMDAwMDAwfSwic2NoZW1hX3ZlcnNpb24iOiIxIn0=",
          "dependencies": [
            "module.vpc.aws_vpc.luit22"
          ]
        }
      ]
    },
    {
      "module": "module.eks",
      "mode": "managed",
      "type": "aws_eks_cluster",
      "name": "luit22",
      "provider": "provider[\"registry.terraform.io/hashicorp/aws\"]",
      "instances": [
        {
          "schema_version": 0,
          "attributes": {
            "arn": "arn:aws:eks:us-west-1:375860358861:cluster/module-eks-mVS4g",
            "certificate_authority": [
              {
                "data": "LS0tLS1CRUdJTiBDRVJUSUZJQ0FURS0tLS0tCk1JSURCVENDQWUyZ0F3SUJBZ0lJU2dNdDdEUXZEVjR3RFFZSktvWklodmNOQVFFTEJRQXdGVEVUTUJFR0ExVUUKQXhNS2EzVmlaWEp1WlhSbGN6QWVGdzB5TkRBeE1UQXhNakEwTlRGYUZ3MHpOREF4TURjeE1qQTVOVEZhTUJVeApFekFSQmdOVkJBTVRDbXQxWW1WeWJtVjBaWE13Z2dFaU1BMEdDU3FHU0liM0RRRUJBUVVBQTRJQkR3QXdnZ0VLCkFvSUJBUUN5TDNKeHFTNmJONmFnL0Y3bTBENWpVWC9KL01aSldONnRQL0tvbXVuL0hkVUhQQS9rMGx3cWlLdXMKYnNIM3J5Y1JWdm9JZmxpSHVWSG13SnpJRTFGaTlnM2VQZ0RHVkFPZW8xT0o3YlRkWU9RYXYrV1cyR2dsQVNyZApFZXA1V0NnSjhxOUVlWnFkL2dlOHNFN0Q2cFcwTWJXZ282K2hGV3lrOTI3NXV4RDg1S2d2ZVdxZ3B5ZmRSTGZwCjNpUzlsUzk0dDhEaVdwbjIxbjh3WEtxNEswdyt6ZXlmYlEwOE9OWktmZ20wZWdsQysxYjcyWXJYMURxWlptQjEKRm51bWtPaHQrbUhlamM4by9DNkFzNnQwMVAvMlJQaktHYmc0elpCK3VFUUtlZEtTeWNEVDJtcjRZYm5pelhNUgorQW9WZmxtNXNSUHc0M0pVYzFsNzFJNnJWZjVKQWdNQkFBR2pXVEJYTUE0R0ExVWREd0VCL3dRRUF3SUNwREFQCkJnTlZIUk1CQWY4RUJUQURBUUgvTUIwR0ExVWREZ1FXQkJUM3dwc0sxa1o3b25rZ3J1bXZnbE1ORFBKQnREQVYKQmdOVkhSRUVEakFNZ2dwcmRXSmxjbTVsZEdWek1BMEdDU3FHU0liM0RRRUJDd1VBQTRJQkFRQWFjUTFSN3pvYQpWZzdvWEpmNGFUMkNPL09rUkp6aWI3UlJjR2w3VEpaazNGMlFtRjV2Smpjd0p0UkFyZTUvZG9vaGtwUjdqc1NECmdIRkZQbDFZWGx2cEtQMG9qQWllZmQ0RnpYR1BwRXlUT0V4YzZpSVJ1cC9USDA4VEVxTmt6ZTlBYktWVy9HeXkKTzRqb2puUHI0TXlZMU12bVJPcitFSnozb1RqRFlnZUFRaTZCd1d3MmtJaDk2MTdIM0FSbitnSDdrMG4yVWppWAo3blhrUkM2WWI5WHZjZUgreHBrSkcwbWltM1NsUWRwSm4vMkw2RnNWTUR3dWw2Q3JVOTNaZkQvOGM4L3FRSVVLCmsyRkJINFh3a014UjlJdWpTZlBKblhMa2RQcjBqMC9OOXpVUDFWUmtFWnBYTnlSR0JjZ01iZU1jaUNkVjk1a0wKTHNZVDk1eVFmd1g4Ci0tLS0tRU5EIENFUlRJRklDQVRFLS0tLS0K"
              }
            ],
            "cluster_id": null,
            "created_at": "2024-01-10 12:05:36.402 +0000 UTC",
            "enabled_cluster_log_types": null,
            "encryption_config": [],
            "endpoint": "https://DBC375757689F4833F4E09026B8E6E66.sk1.us-west-1.eks.amazonaws.com",
            "id": "module-eks-mVS4g",
            "identity": [
              {
                "oidc": [
                  {
                    "issuer": "https://oidc.eks.us-west-1.amazonaws.com/id/DBC375757689F4833F4E09026B8E6E66"
                  }
                ]
              }
            ],
            "kubernetes_network_config": [
              {
                "ip_family": "ipv4",
                "service_ipv4_cidr": "172.20.0.0/16",
                "service_ipv6_cidr": ""
              }
            ],
            "name": "module-eks-mVS4g",
            "outpost_config": [],
            "platform_version": "eks.6",
            "role_arn": "arn:aws:iam::375860358861:role/eks-cluster-luit22",
            "status": "ACTIVE",
            "tags": null,
            "tags_all": {},
            "timeouts": null,
            "version": "1.28",
            "vpc_config": [
              {
                "cluster_security_group_id": "sg-092ff9937d7e14e12",
                "endpoint_private_access": true,
                "endpoint_public_access": false,
                "public_access_cidrs": [
                  "0.0.0.0/0"
                ],
                "security_group_ids": [
                  "sg-02b68658eb467696a"
                ],
                "subnet_ids": [
                  "subnet-032658047963c931a",
                  "subnet-072b90817e6c40919"
                ],
                "vpc_id": "vpc-0d181563e0f5eb734"
              }
            ]
          },
          "sensitive_attributes": [],
          "private": "eyJlMmJmYjczMC1lY2FhLTExZTYtOGY4OC0zNDM2M2JjN2M0YzAiOnsiY3JlYXRlIjoxODAwMDAwMDAwMDAwLCJkZWxldGUiOjkwMDAwMDAwMDAwMCwidXBkYXRlIjozNjAwMDAwMDAwMDAwfX0=",
          "dependencies": [
            "module.eks.aws_iam_role.luit22",
            "module.eks.aws_iam_role_policy_attachment.luit22-AmazonEKSClusterPolicy",
            "module.eks.aws_iam_role_policy_attachment.luit22-AmazonEKSVPCResourceController",
            "module.eks.aws_security_group.node_group_one",
            "module.vpc.aws_subnet.public_luit22_subnet",
            "module.vpc.aws_vpc.luit22",
            "module.vpc.data.aws_availability_zones.available",
            "module.vpc.random_shuffle.az_list",
            "random_string.suffix"
          ]
        }
      ]
    },
    {
      "module": "module.eks",
      "mode": "managed",
      "type": "aws_eks_node_group",
      "name": "luit22",
      "provider": "provider[\"registry.terraform.io/hashicorp/aws\"]",
      "instances": [
        {
          "schema_version": 0,
          "attributes": {
            "ami_type": "AL2_x86_64",
            "arn": "arn:aws:eks:us-west-1:375860358861:nodegroup/module-eks-mVS4g/luit22/fac679a5-27a2-8431-1f15-fc1fd6e95bcd",
            "capacity_type": "ON_DEMAND",
            "cluster_name": "module-eks-mVS4g",
            "disk_size": 20,
            "force_update_version": null,
            "id": "module-eks-mVS4g:luit22",
            "instance_types": [
              "t2.small"
            ],
            "labels": null,
            "launch_template": [],
            "node_group_name": "luit22",
            "node_group_name_prefix": "",
            "node_role_arn": "arn:aws:iam::375860358861:role/eks-node-group-luit22",
            "release_version": "1.28.3-20231230",
            "remote_access": [
              {
                "ec2_ssh_key": "eks",
                "source_security_group_ids": [
                  "sg-02b68658eb467696a"
                ]
              }
            ],
            "resources": [
              {
                "autoscaling_groups": [
                  {
                    "name": "eks-luit22-fac679a5-27a2-8431-1f15-fc1fd6e95bcd"
                  }
                ],
                "remote_access_security_group_id": "sg-024e21c0b0d8bf8d3"
              }
            ],
            "scaling_config": [
              {
                "desired_size": 1,
                "max_size": 1,
                "min_size": 1
              }
            ],
            "status": "ACTIVE",
            "subnet_ids": [
              "subnet-032658047963c931a",
              "subnet-072b90817e6c40919"
            ],
            "tags": null,
            "tags_all": {},
            "taint": [],
            "timeouts": null,
            "update_config": [
              {
                "max_unavailable": 1,
                "max_unavailable_percentage": 0
              }
            ],
            "version": "1.28"
          },
          "sensitive_attributes": [],
          "private": "eyJlMmJmYjczMC1lY2FhLTExZTYtOGY4OC0zNDM2M2JjN2M0YzAiOnsiY3JlYXRlIjozNjAwMDAwMDAwMDAwLCJkZWxldGUiOjM2MDAwMDAwMDAwMDAsInVwZGF0ZSI6MzYwMDAwMDAwMDAwMH19",
          "dependencies": [
            "module.eks.aws_eks_cluster.luit22",
            "module.eks.aws_iam_role.luit22",
            "module.eks.aws_iam_role.luit222",
            "module.eks.aws_iam_role_policy_attachment.luit22-AmazonEC2ContainerRegistryReadOnly",
            "module.eks.aws_iam_role_policy_attachment.luit22-AmazonEKSClusterPolicy",
            "module.eks.aws_iam_role_policy_attachment.luit22-AmazonEKSVPCResourceController",
            "module.eks.aws_iam_role_policy_attachment.luit22-AmazonEKSWorkerNodePolicy",
            "module.eks.aws_iam_role_policy_attachment.luit22-AmazonEKS_CNI_Policy",
            "module.eks.aws_security_group.node_group_one",
            "module.vpc.aws_subnet.public_luit22_subnet",
            "module.vpc.aws_vpc.luit22",
            "module.vpc.data.aws_availability_zones.available",
            "module.vpc.random_shuffle.az_list",
            "random_string.suffix"
          ]
        }
      ]
    },
    {
      "module": "module.eks",
      "mode": "managed",
      "type": "aws_iam_role",
      "name": "luit22",
      "provider": "provider[\"registry.terraform.io/hashicorp/aws\"]",
      "instances": [
        {
          "schema_version": 0,
          "attributes": {
            "arn": "arn:aws:iam::375860358861:role/eks-cluster-luit22",
            "assume_role_policy": "{\"Statement\":[{\"Action\":\"sts:AssumeRole\",\"Effect\":\"Allow\",\"Principal\":{\"Service\":\"eks.amazonaws.com\"}}],\"Version\":\"2012-10-17\"}",
            "create_date": "2024-01-10T12:05:07Z",
            "description": "",
            "force_detach_policies": false,
            "id": "eks-cluster-luit22",
            "inline_policy": [],
            "managed_policy_arns": [],
            "max_session_duration": 3600,
            "name": "eks-cluster-luit22",
            "name_prefix": "",
            "path": "/",
            "permissions_boundary": null,
            "role_last_used": [
              {
                "last_used_date": "",
                "region": ""
              }
            ],
            "tags": null,
            "tags_all": {},
            "unique_id": "AROAVPAYF53G6EN2ZR5R7"
          },
          "sensitive_attributes": [],
          "private": "bnVsbA=="
        }
      ]
    },
    {
      "module": "module.eks",
      "mode": "managed",
      "type": "aws_iam_role",
      "name": "luit222",
      "provider": "provider[\"registry.terraform.io/hashicorp/aws\"]",
      "instances": [
        {
          "schema_version": 0,
          "attributes": {
            "arn": "arn:aws:iam::375860358861:role/eks-node-group-luit22",
            "assume_role_policy": "{\"Statement\":[{\"Action\":\"sts:AssumeRole\",\"Effect\":\"Allow\",\"Principal\":{\"Service\":\"ec2.amazonaws.com\"}}],\"Version\":\"2012-10-17\"}",
            "create_date": "2024-01-10T12:05:07Z",
            "description": "",
            "force_detach_policies": false,
            "id": "eks-node-group-luit22",
            "inline_policy": [],
            "managed_policy_arns": [],
            "max_session_duration": 3600,
            "name": "eks-node-group-luit22",
            "name_prefix": "",
            "path": "/",
            "permissions_boundary": null,
            "role_last_used": [
              {
                "last_used_date": "",
                "region": ""
              }
            ],
            "tags": null,
            "tags_all": {},
            "unique_id": "AROAVPAYF53G5J66MGH6O"
          },
          "sensitive_attributes": [],
          "private": "bnVsbA=="
        }
      ]
    },
    {
      "module": "module.eks",
      "mode": "managed",
      "type": "aws_iam_role_policy_attachment",
      "name": "luit22-AmazonEC2ContainerRegistryReadOnly",
      "provider": "provider[\"registry.terraform.io/hashicorp/aws\"]",
      "instances": [
        {
          "schema_version": 0,
          "attributes": {
            "id": "eks-node-group-luit22-20240110120511322700000005",
            "policy_arn": "arn:aws:iam::aws:policy/AmazonEC2ContainerRegistryReadOnly",
            "role": "eks-node-group-luit22"
          },
          "sensitive_attributes": [],
          "private": "bnVsbA==",
          "dependencies": [
            "module.eks.aws_iam_role.luit222"
          ]
        }
      ]
    },
    {
      "module": "module.eks",
      "mode": "managed",
      "type": "aws_iam_role_policy_attachment",
      "name": "luit22-AmazonEKSClusterPolicy",
      "provider": "provider[\"registry.terraform.io/hashicorp/aws\"]",
      "instances": [
        {
          "schema_version": 0,
          "attributes": {
            "id": "eks-cluster-luit22-20240110120509900800000002",
            "policy_arn": "arn:aws:iam::aws:policy/AmazonEKSClusterPolicy",
            "role": "eks-cluster-luit22"
          },
          "sensitive_attributes": [],
          "private": "bnVsbA==",
          "dependencies": [
            "module.eks.aws_iam_role.luit22"
          ]
        }
      ]
    },
    {
      "module": "module.eks",
      "mode": "managed",
      "type": "aws_iam_role_policy_attachment",
      "name": "luit22-AmazonEKSVPCResourceController",
      "provider": "provider[\"registry.terraform.io/hashicorp/aws\"]",
      "instances": [
        {
          "schema_version": 0,
          "attributes": {
            "id": "eks-cluster-luit22-20240110120510276200000003",
            "policy_arn": "arn:aws:iam::aws:policy/AmazonEKSVPCResourceController",
            "role": "eks-cluster-luit22"
          },
          "sensitive_attributes": [],
          "private": "bnVsbA==",
          "dependencies": [
            "module.eks.aws_iam_role.luit22"
          ]
        }
      ]
    },
    {
      "module": "module.eks",
      "mode": "managed",
      "type": "aws_iam_role_policy_attachment",
      "name": "luit22-AmazonEKSWorkerNodePolicy",
      "provider": "provider[\"registry.terraform.io/hashicorp/aws\"]",
      "instances": [
        {
          "schema_version": 0,
          "attributes": {
            "id": "eks-node-group-luit22-20240110120510276200000004",
            "policy_arn": "arn:aws:iam::aws:policy/AmazonEKSWorkerNodePolicy",
            "role": "eks-node-group-luit22"
          },
          "sensitive_attributes": [],
          "private": "bnVsbA==",
          "dependencies": [
            "module.eks.aws_iam_role.luit222"
          ]
        }
      ]
    },
    {
      "module": "module.eks",
      "mode": "managed",
      "type": "aws_iam_role_policy_attachment",
      "name": "luit22-AmazonEKS_CNI_Policy",
      "provider": "provider[\"registry.terraform.io/hashicorp/aws\"]",
      "instances": [
        {
          "schema_version": 0,
          "attributes": {
            "id": "eks-node-group-luit22-20240110120509900800000001",
            "policy_arn": "arn:aws:iam::aws:policy/AmazonEKS_CNI_Policy",
            "role": "eks-node-group-luit22"
          },
          "sensitive_attributes": [],
          "private": "bnVsbA==",
          "dependencies": [
            "module.eks.aws_iam_role.luit222"
          ]
        }
      ]
    },
    {
      "module": "module.eks",
      "mode": "managed",
      "type": "aws_security_group",
      "name": "node_group_one",
      "provider": "provider[\"registry.terraform.io/hashicorp/aws\"]",
      "instances": [
        {
          "schema_version": 1,
          "attributes": {
            "arn": "arn:aws:ec2:us-west-1:375860358861:security-group/sg-02b68658eb467696a",
            "description": "Managed by Terraform",
            "egress": [
              {
                "cidr_blocks": [
                  "0.0.0.0/0"
                ],
                "description": "",
                "from_port": 0,
                "ipv6_cidr_blocks": [],
                "prefix_list_ids": [],
                "protocol": "-1",
                "security_groups": [],
                "self": false,
                "to_port": 0
              }
            ],
            "id": "sg-02b68658eb467696a",
            "ingress": [
              {
                "cidr_blocks": [
                  "0.0.0.0/0"
                ],
                "description": "",
                "from_port": 80,
                "ipv6_cidr_blocks": [],
                "prefix_list_ids": [],
                "protocol": "tcp",
                "security_groups": [],
                "self": false,
                "to_port": 80
              }
            ],
            "name": "node_group_one20240110120513652400000006",
            "name_prefix": "node_group_one",
            "owner_id": "375860358861",
            "revoke_rules_on_delete": false,
            "tags": null,
            "tags_all": {},
            "timeouts": null,
            "vpc_id": "vpc-0d181563e0f5eb734"
          },
          "sensitive_attributes": [],
          "private": "eyJlMmJmYjczMC1lY2FhLTExZTYtOGY4OC0zNDM2M2JjN2M0YzAiOnsiY3JlYXRlIjo2MDAwMDAwMDAwMDAsImRlbGV0ZSI6OTAwMDAwMDAwMDAwfSwic2NoZW1hX3ZlcnNpb24iOiIxIn0=",
          "dependencies": [
            "module.vpc.aws_vpc.luit22"
          ]
        }
      ]
    },
    {
      "module": "module.vpc",
      "mode": "data",
      "type": "aws_availability_zones",
      "name": "available",
      "provider": "provider[\"registry.terraform.io/hashicorp/aws\"]",
      "instances": [
        {
          "schema_version": 0,
          "attributes": {
            "all_availability_zones": null,
            "exclude_names": null,
            "exclude_zone_ids": null,
            "filter": null,
            "group_names": [
              "us-west-1"
            ],
            "id": "us-west-1",
            "names": [
              "us-west-1a",
              "us-west-1c"
            ],
            "state": null,
            "timeouts": null,
            "zone_ids": [
              "usw1-az1",
              "usw1-az3"
            ]
          },
          "sensitive_attributes": []
        }
      ]
    },
    {
      "module": "module.vpc",
      "mode": "managed",
      "type": "aws_default_route_table",
      "name": "internal_luit22_default",
      "provider": "provider[\"registry.terraform.io/hashicorp/aws\"]",
      "instances": [
        {
          "schema_version": 0,
          "attributes": {
            "arn": "arn:aws:ec2:us-west-1:375860358861:route-table/rtb-034dfa85ab3228316",
            "default_route_table_id": "rtb-034dfa85ab3228316",
            "id": "rtb-034dfa85ab3228316",
            "owner_id": "375860358861",
            "propagating_vgws": null,
            "route": [
              {
                "cidr_block": "0.0.0.0/0",
                "core_network_arn": "",
                "destination_prefix_list_id": "",
                "egress_only_gateway_id": "",
                "gateway_id": "igw-0515b2835f28a9047",
                "instance_id": "",
                "ipv6_cidr_block": "",
                "nat_gateway_id": "",
                "network_interface_id": "",
                "transit_gateway_id": "",
                "vpc_endpoint_id": "",
                "vpc_peering_connection_id": ""
              }
            ],
            "tags": {
              "Name": "luit22"
            },
            "tags_all": {
              "Name": "luit22"
            },
            "timeouts": null,
            "vpc_id": "vpc-0d181563e0f5eb734"
          },
          "sensitive_attributes": [],
          "private": "eyJlMmJmYjczMC1lY2FhLTExZTYtOGY4OC0zNDM2M2JjN2M0YzAiOnsiY3JlYXRlIjoxMjAwMDAwMDAwMDAsInVwZGF0ZSI6MTIwMDAwMDAwMDAwfX0=",
          "dependencies": [
            "module.vpc.aws_internet_gateway.luit22_gw",
            "module.vpc.aws_vpc.luit22"
          ]
        }
      ]
    },
    {
      "module": "module.vpc",
      "mode": "managed",
      "type": "aws_internet_gateway",
      "name": "luit22_gw",
      "provider": "provider[\"registry.terraform.io/hashicorp/aws\"]",
      "instances": [
        {
          "schema_version": 0,
          "attributes": {
            "arn": "arn:aws:ec2:us-west-1:375860358861:internet-gateway/igw-0515b2835f28a9047",
            "id": "igw-0515b2835f28a9047",
            "owner_id": "375860358861",
            "tags": {
              "Name": "luit22"
            },
            "tags_all": {
              "Name": "luit22"
            },
            "timeouts": null,
            "vpc_id": "vpc-0d181563e0f5eb734"
          },
          "sensitive_attributes": [],
          "private": "eyJlMmJmYjczMC1lY2FhLTExZTYtOGY4OC0zNDM2M2JjN2M0YzAiOnsiY3JlYXRlIjoxMjAwMDAwMDAwMDAwLCJkZWxldGUiOjEyMDAwMDAwMDAwMDAsInVwZGF0ZSI6MTIwMDAwMDAwMDAwMH19",
          "dependencies": [
            "module.vpc.aws_vpc.luit22"
          ]
        }
      ]
    },
    {
      "module": "module.vpc",
      "mode": "managed",
      "type": "aws_route_table_association",
      "name": "default",
      "provider": "provider[\"registry.terraform.io/hashicorp/aws\"]",
      "instances": [
        {
          "index_key": 0,
          "schema_version": 0,
          "attributes": {
            "gateway_id": "",
            "id": "rtbassoc-0b83b93af0a9bbcf6",
            "route_table_id": "rtb-034dfa85ab3228316",
            "subnet_id": "subnet-032658047963c931a",
            "timeouts": null
          },
          "sensitive_attributes": [],
          "private": "eyJlMmJmYjczMC1lY2FhLTExZTYtOGY4OC0zNDM2M2JjN2M0YzAiOnsiY3JlYXRlIjozMDAwMDAwMDAwMDAsImRlbGV0ZSI6MzAwMDAwMDAwMDAwLCJ1cGRhdGUiOjEyMDAwMDAwMDAwMH19",
          "dependencies": [
            "module.vpc.aws_default_route_table.internal_luit22_default",
            "module.vpc.aws_internet_gateway.luit22_gw",
            "module.vpc.aws_subnet.public_luit22_subnet",
            "module.vpc.aws_vpc.luit22",
            "module.vpc.data.aws_availability_zones.available",
            "module.vpc.random_shuffle.az_list"
          ]
        },
        {
          "index_key": 1,
          "schema_version": 0,
          "attributes": {
            "gateway_id": "",
            "id": "rtbassoc-00d3eeaf3c1180c94",
            "route_table_id": "rtb-034dfa85ab3228316",
            "subnet_id": "subnet-072b90817e6c40919",
            "timeouts": null
          },
          "sensitive_attributes": [],
          "private": "eyJlMmJmYjczMC1lY2FhLTExZTYtOGY4OC0zNDM2M2JjN2M0YzAiOnsiY3JlYXRlIjozMDAwMDAwMDAwMDAsImRlbGV0ZSI6MzAwMDAwMDAwMDAwLCJ1cGRhdGUiOjEyMDAwMDAwMDAwMH19",
          "dependencies": [
            "module.vpc.aws_default_route_table.internal_luit22_default",
            "module.vpc.aws_internet_gateway.luit22_gw",
            "module.vpc.aws_subnet.public_luit22_subnet",
            "module.vpc.aws_vpc.luit22",
            "module.vpc.data.aws_availability_zones.available",
            "module.vpc.random_shuffle.az_list"
          ]
        }
      ]
    },
    {
      "module": "module.vpc",
      "mode": "managed",
      "type": "aws_subnet",
      "name": "public_luit22_subnet",
      "provider": "provider[\"registry.terraform.io/hashicorp/aws\"]",
      "instances": [
        {
          "index_key": 0,
          "schema_version": 1,
          "attributes": {
            "arn": "arn:aws:ec2:us-west-1:375860358861:subnet/subnet-032658047963c931a",
            "assign_ipv6_address_on_creation": false,
            "availability_zone": "us-west-1c",
            "availability_zone_id": "usw1-az3",
            "cidr_block": "10.0.1.0/24",
            "customer_owned_ipv4_pool": "",
            "enable_dns64": false,
            "enable_lni_at_device_index": 0,
            "enable_resource_name_dns_a_record_on_launch": false,
            "enable_resource_name_dns_aaaa_record_on_launch": false,
            "id": "subnet-032658047963c931a",
            "ipv6_cidr_block": "",
            "ipv6_cidr_block_association_id": "",
            "ipv6_native": false,
            "map_customer_owned_ip_on_launch": false,
            "map_public_ip_on_launch": true,
            "outpost_arn": "",
            "owner_id": "375860358861",
            "private_dns_hostname_type_on_launch": "ip-name",
            "tags": {
              "Name": "luit22"
            },
            "tags_all": {
              "Name": "luit22"
            },
            "timeouts": null,
            "vpc_id": "vpc-0d181563e0f5eb734"
          },
          "sensitive_attributes": [],
          "private": "eyJlMmJmYjczMC1lY2FhLTExZTYtOGY4OC0zNDM2M2JjN2M0YzAiOnsiY3JlYXRlIjo2MDAwMDAwMDAwMDAsImRlbGV0ZSI6MTIwMDAwMDAwMDAwMH0sInNjaGVtYV92ZXJzaW9uIjoiMSJ9",
          "dependencies": [
            "module.vpc.aws_vpc.luit22",
            "module.vpc.data.aws_availability_zones.available",
            "module.vpc.random_shuffle.az_list"
          ]
        },
        {
          "index_key": 1,
          "schema_version": 1,
          "attributes": {
            "arn": "arn:aws:ec2:us-west-1:375860358861:subnet/subnet-072b90817e6c40919",
            "assign_ipv6_address_on_creation": false,
            "availability_zone": "us-west-1a",
            "availability_zone_id": "usw1-az1",
            "cidr_block": "10.0.2.0/24",
            "customer_owned_ipv4_pool": "",
            "enable_dns64": false,
            "enable_lni_at_device_index": 0,
            "enable_resource_name_dns_a_record_on_launch": false,
            "enable_resource_name_dns_aaaa_record_on_launch": false,
            "id": "subnet-072b90817e6c40919",
            "ipv6_cidr_block": "",
            "ipv6_cidr_block_association_id": "",
            "ipv6_native": false,
            "map_customer_owned_ip_on_launch": false,
            "map_public_ip_on_launch": true,
            "outpost_arn": "",
            "owner_id": "375860358861",
            "private_dns_hostname_type_on_launch": "ip-name",
            "tags": {
              "Name": "luit22"
            },
            "tags_all": {
              "Name": "luit22"
            },
            "timeouts": null,
            "vpc_id": "vpc-0d181563e0f5eb734"
          },
          "sensitive_attributes": [],
          "private": "eyJlMmJmYjczMC1lY2FhLTExZTYtOGY4OC0zNDM2M2JjN2M0YzAiOnsiY3JlYXRlIjo2MDAwMDAwMDAwMDAsImRlbGV0ZSI6MTIwMDAwMDAwMDAwMH0sInNjaGVtYV92ZXJzaW9uIjoiMSJ9",
          "dependencies": [
            "module.vpc.aws_vpc.luit22",
            "module.vpc.data.aws_availability_zones.available",
            "module.vpc.random_shuffle.az_list"
          ]
        }
      ]
    },
    {
      "module": "module.vpc",
      "mode": "managed",
      "type": "aws_vpc",
      "name": "luit22",
      "provider": "provider[\"registry.terraform.io/hashicorp/aws\"]",
      "instances": [
        {
          "schema_version": 1,
          "attributes": {
            "arn": "arn:aws:ec2:us-west-1:375860358861:vpc/vpc-0d181563e0f5eb734",
            "assign_generated_ipv6_cidr_block": false,
            "cidr_block": "10.0.0.0/16",
            "default_network_acl_id": "acl-06e73c64f6f01de62",
            "default_route_table_id": "rtb-034dfa85ab3228316",
            "default_security_group_id": "sg-0599d5e3f5e4891e7",
            "dhcp_options_id": "dopt-0c38ad7bc92d16900",
            "enable_classiclink": false,
            "enable_classiclink_dns_support": false,
            "enable_dns_hostnames": false,
            "enable_dns_support": true,
            "enable_network_address_usage_metrics": false,
            "id": "vpc-0d181563e0f5eb734",
            "instance_tenancy": "default",
            "ipv4_ipam_pool_id": null,
            "ipv4_netmask_length": null,
            "ipv6_association_id": "",
            "ipv6_cidr_block": "",
            "ipv6_cidr_block_network_border_group": "",
            "ipv6_ipam_pool_id": "",
            "ipv6_netmask_length": 0,
            "main_route_table_id": "rtb-034dfa85ab3228316",
            "owner_id": "375860358861",
            "tags": {
              "Name": "luit22"
            },
            "tags_all": {
              "Name": "luit22"
            }
          },
          "sensitive_attributes": [],
          "private": "eyJzY2hlbWFfdmVyc2lvbiI6IjEifQ=="
        }
      ]
    },
    {
      "module": "module.vpc",
      "mode": "managed",
      "type": "random_shuffle",
      "name": "az_list",
      "provider": "provider[\"registry.terraform.io/hashicorp/random\"]",
      "instances": [
        {
          "schema_version": 0,
          "attributes": {
            "id": "-",
            "input": [
              "us-west-1a",
              "us-west-1c"
            ],
            "keepers": null,
            "result": [
              "us-west-1c",
              "us-west-1a"
            ],
            "result_count": 2,
            "seed": null
          },
          "sensitive_attributes": [],
          "dependencies": [
            "module.vpc.data.aws_availability_zones.available"
          ]
        }
      ]
    }
  ],
  "check_results": null
}
